
Microsoft Visual Studio Solution File, Format Version 12.00
# Visual Studio 15
VisualStudioVersion = 15.0.28307.136
MinimumVisualStudioVersion = 10.0.40219.1
Project("{FAE04EC0-301F-11D3-BF4B-00C04F79EFBC}") = "day01-1", "day01-1\day01-1.csproj", "{6B60F983-4ED6-4BB1-97A8-F9743566B0A7}"
EndProject
Project("{FAE04EC0-301F-11D3-BF4B-00C04F79EFBC}") = "day01-2", "day01-2\day01-2.csproj", "{D40C1A98-5B1E-4E57-A65C-C39A3A59B272}"
EndProject
Project("{FAE04EC0-301F-11D3-BF4B-00C04F79EFBC}") = "day02-1", "day02-1\day02-1.csproj", "{72F224E3-6802-411C-A7DA-6460C92D8E8F}"
EndProject
Project("{FAE04EC0-301F-11D3-BF4B-00C04F79EFBC}") = "day02-2", "day02-2\day02-2.csproj", "{93E357E6-FAA8-4113-8F5B-F0C784F2BA29}"
EndProject
Project("{FAE04EC0-301F-11D3-BF4B-00C04F79EFBC}") = "day03-1", "day03-1\day03-1.csproj", "{AF4BA9FB-2B05-4067-985F-64E5E5A94D48}"
EndProject
Project("{FAE04EC0-301F-11D3-BF4B-00C04F79EFBC}") = "day03-2", "day03-2\day03-2.csproj", "{E496581D-27CB-4BBD-8B20-607842B7BBFB}"
EndProject
Project("{FAE04EC0-301F-11D3-BF4B-00C04F79EFBC}") = "day04-1", "day04-1\day04-1.csproj", "{FFF191DF-6744-47AE-B0E0-4AAB8D52BE08}"
EndProject
Project("{FAE04EC0-301F-11D3-BF4B-00C04F79EFBC}") = "day04-2", "day04-2\day04-2.csproj", "{4BE7A868-B263-4FC9-A7DC-8B84A069F44C}"
EndProject
Project("{FAE04EC0-301F-11D3-BF4B-00C04F79EFBC}") = "day05-1", "day05-1\day05-1.csproj", "{082E0A72-7762-424F-B820-7A4DEA5BDE6D}"
EndProject
Project("{FAE04EC0-301F-11D3-BF4B-00C04F79EFBC}") = "day05-2", "day05-2\day05-2.csproj", "{683E944B-9DE8-4072-95AD-407813C26B4D}"
EndProject
Project("{FAE04EC0-301F-11D3-BF4B-00C04F79EFBC}") = "day06-1", "day06-1\day06-1.csproj", "{49C7AB59-8472-4C3A-B02C-5EF241E4513B}"
EndProject
Project("{FAE04EC0-301F-11D3-BF4B-00C04F79EFBC}") = "day06-2", "day06-2\day06-2.csproj", "{61B56160-9831-49BA-BA94-59DAF6B9ACEE}"
EndProject
Project("{FAE04EC0-301F-11D3-BF4B-00C04F79EFBC}") = "day07-1", "day07-1\day07-1.csproj", "{F1978B75-CD60-4323-B0DE-88C69ED6F730}"
EndProject
Project("{FAE04EC0-301F-11D3-BF4B-00C04F79EFBC}") = "day07-2", "day07-2\day07-2.csproj", "{632531FC-11D7-4122-8239-1A40DB2FB21C}"
EndProject
Project("{FAE04EC0-301F-11D3-BF4B-00C04F79EFBC}") = "day08-1", "day08-1\day08-1.csproj", "{5D63E340-D842-411E-B2F9-D445A78874AD}"
EndProject
Project("{FAE04EC0-301F-11D3-BF4B-00C04F79EFBC}") = "day08-2", "day08-2\day08-2.csproj", "{48E71FFF-81B6-4973-A617-100D058412A0}"
EndProject
Project("{FAE04EC0-301F-11D3-BF4B-00C04F79EFBC}") = "day09-1", "day09-1\day09-1.csproj", "{25FE8C2A-0CE6-4E3D-BF11-80017BB78887}"
EndProject
Project("{FAE04EC0-301F-11D3-BF4B-00C04F79EFBC}") = "day09-2", "day09-2\day09-2.csproj", "{C1E4B219-12B6-4595-9804-34527EF85DEC}"
EndProject
Project("{FAE04EC0-301F-11D3-BF4B-00C04F79EFBC}") = "day10-1", "day10-1\day10-1.csproj", "{51B255A0-697D-4A58-BCC1-61521EAE01FB}"
EndProject
Project("{FAE04EC0-301F-11D3-BF4B-00C04F79EFBC}") = "day11-1", "day11-1\day11-1.csproj", "{A551D492-B000-4A66-B998-01363721A742}"
EndProject
Project("{FAE04EC0-301F-11D3-BF4B-00C04F79EFBC}") = "day11-2", "day11-2\day11-2.csproj", "{F2633C2A-4402-471C-BEA7-AA05A1D654A8}"
EndProject
Project("{FAE04EC0-301F-11D3-BF4B-00C04F79EFBC}") = "day12-1", "day12-1\day12-1.csproj", "{934F799E-DD0B-4B0C-BE98-3ABE10D40FAC}"
EndProject
Project("{FAE04EC0-301F-11D3-BF4B-00C04F79EFBC}") = "day12-2", "day12-2\day12-2.csproj", "{9A677DE9-328A-438B-A512-09423CF854DE}"
EndProject
Project("{FAE04EC0-301F-11D3-BF4B-00C04F79EFBC}") = "day13-1", "day13-1\day13-1.csproj", "{F2BF2562-B608-4291-B535-2A96624B8258}"
EndProject
Project("{FAE04EC0-301F-11D3-BF4B-00C04F79EFBC}") = "day13-2", "day13-2\day13-2.csproj", "{9F69A346-DA9C-45B8-A1B7-0E9CF1C3E666}"
EndProject
Project("{FAE04EC0-301F-11D3-BF4B-00C04F79EFBC}") = "day14-1", "day14-1\day14-1.csproj", "{DD81AE3F-BCE3-449D-BAF6-6C96BF5F5E76}"
EndProject
Project("{FAE04EC0-301F-11D3-BF4B-00C04F79EFBC}") = "day14-2", "day14-2\day14-2.csproj", "{5E8E0932-E530-47C9-9555-3AEDB5718403}"
EndProject
Project("{FAE04EC0-301F-11D3-BF4B-00C04F79EFBC}") = "day15-1", "day15-1\day15-1.csproj", "{A13B0BDD-9A69-4C6C-A9E6-871077B2C026}"
EndProject
Project("{FAE04EC0-301F-11D3-BF4B-00C04F79EFBC}") = "day15-2", "day15-2\day15-2.csproj", "{84614802-3502-4E57-A599-DCDCB37D3959}"
EndProject
Project("{FAE04EC0-301F-11D3-BF4B-00C04F79EFBC}") = "day16-1", "day16-1\day16-1.csproj", "{EFD305A5-1056-4D8D-A65A-473BADE070D1}"
EndProject
Project("{FAE04EC0-301F-11D3-BF4B-00C04F79EFBC}") = "day16-2", "day16-2\day16-2.csproj", "{3D1670B1-5593-4CB9-AE29-C375634EC1D9}"
EndProject
Project("{FAE04EC0-301F-11D3-BF4B-00C04F79EFBC}") = "day17-1", "day17-1\day17-1.csproj", "{6868504A-3AE8-4B7D-A1A2-7CB72A809B12}"
EndProject
Project("{FAE04EC0-301F-11D3-BF4B-00C04F79EFBC}") = "day17-2", "day17-2\day17-2.csproj", "{133F8D7C-CC90-47F7-AB51-03EA28BBCDE9}"
EndProject
Global
	GlobalSection(SolutionConfigurationPlatforms) = preSolution
		Debug|Any CPU = Debug|Any CPU
		Release|Any CPU = Release|Any CPU
	EndGlobalSection
	GlobalSection(ProjectConfigurationPlatforms) = postSolution
		{6B60F983-4ED6-4BB1-97A8-F9743566B0A7}.Debug|Any CPU.ActiveCfg = Debug|Any CPU
		{6B60F983-4ED6-4BB1-97A8-F9743566B0A7}.Debug|Any CPU.Build.0 = Debug|Any CPU
		{6B60F983-4ED6-4BB1-97A8-F9743566B0A7}.Release|Any CPU.ActiveCfg = Release|Any CPU
		{6B60F983-4ED6-4BB1-97A8-F9743566B0A7}.Release|Any CPU.Build.0 = Release|Any CPU
		{D40C1A98-5B1E-4E57-A65C-C39A3A59B272}.Debug|Any CPU.ActiveCfg = Debug|Any CPU
		{D40C1A98-5B1E-4E57-A65C-C39A3A59B272}.Debug|Any CPU.Build.0 = Debug|Any CPU
		{D40C1A98-5B1E-4E57-A65C-C39A3A59B272}.Release|Any CPU.ActiveCfg = Release|Any CPU
		{D40C1A98-5B1E-4E57-A65C-C39A3A59B272}.Release|Any CPU.Build.0 = Release|Any CPU
		{72F224E3-6802-411C-A7DA-6460C92D8E8F}.Debug|Any CPU.ActiveCfg = Debug|Any CPU
		{72F224E3-6802-411C-A7DA-6460C92D8E8F}.Debug|Any CPU.Build.0 = Debug|Any CPU
		{72F224E3-6802-411C-A7DA-6460C92D8E8F}.Release|Any CPU.ActiveCfg = Release|Any CPU
		{72F224E3-6802-411C-A7DA-6460C92D8E8F}.Release|Any CPU.Build.0 = Release|Any CPU
		{93E357E6-FAA8-4113-8F5B-F0C784F2BA29}.Debug|Any CPU.ActiveCfg = Debug|Any CPU
		{93E357E6-FAA8-4113-8F5B-F0C784F2BA29}.Debug|Any CPU.Build.0 = Debug|Any CPU
		{93E357E6-FAA8-4113-8F5B-F0C784F2BA29}.Release|Any CPU.ActiveCfg = Release|Any CPU
		{93E357E6-FAA8-4113-8F5B-F0C784F2BA29}.Release|Any CPU.Build.0 = Release|Any CPU
		{AF4BA9FB-2B05-4067-985F-64E5E5A94D48}.Debug|Any CPU.ActiveCfg = Debug|Any CPU
		{AF4BA9FB-2B05-4067-985F-64E5E5A94D48}.Debug|Any CPU.Build.0 = Debug|Any CPU
		{AF4BA9FB-2B05-4067-985F-64E5E5A94D48}.Release|Any CPU.ActiveCfg = Release|Any CPU
		{AF4BA9FB-2B05-4067-985F-64E5E5A94D48}.Release|Any CPU.Build.0 = Release|Any CPU
		{E496581D-27CB-4BBD-8B20-607842B7BBFB}.Debug|Any CPU.ActiveCfg = Debug|Any CPU
		{E496581D-27CB-4BBD-8B20-607842B7BBFB}.Debug|Any CPU.Build.0 = Debug|Any CPU
		{E496581D-27CB-4BBD-8B20-607842B7BBFB}.Release|Any CPU.ActiveCfg = Release|Any CPU
		{E496581D-27CB-4BBD-8B20-607842B7BBFB}.Release|Any CPU.Build.0 = Release|Any CPU
		{FFF191DF-6744-47AE-B0E0-4AAB8D52BE08}.Debug|Any CPU.ActiveCfg = Debug|Any CPU
		{FFF191DF-6744-47AE-B0E0-4AAB8D52BE08}.Debug|Any CPU.Build.0 = Debug|Any CPU
		{FFF191DF-6744-47AE-B0E0-4AAB8D52BE08}.Release|Any CPU.ActiveCfg = Release|Any CPU
		{FFF191DF-6744-47AE-B0E0-4AAB8D52BE08}.Release|Any CPU.Build.0 = Release|Any CPU
		{4BE7A868-B263-4FC9-A7DC-8B84A069F44C}.Debug|Any CPU.ActiveCfg = Debug|Any CPU
		{4BE7A868-B263-4FC9-A7DC-8B84A069F44C}.Debug|Any CPU.Build.0 = Debug|Any CPU
		{4BE7A868-B263-4FC9-A7DC-8B84A069F44C}.Release|Any CPU.ActiveCfg = Release|Any CPU
		{4BE7A868-B263-4FC9-A7DC-8B84A069F44C}.Release|Any CPU.Build.0 = Release|Any CPU
		{082E0A72-7762-424F-B820-7A4DEA5BDE6D}.Debug|Any CPU.ActiveCfg = Debug|Any CPU
		{082E0A72-7762-424F-B820-7A4DEA5BDE6D}.Debug|Any CPU.Build.0 = Debug|Any CPU
		{082E0A72-7762-424F-B820-7A4DEA5BDE6D}.Release|Any CPU.ActiveCfg = Release|Any CPU
		{082E0A72-7762-424F-B820-7A4DEA5BDE6D}.Release|Any CPU.Build.0 = Release|Any CPU
		{683E944B-9DE8-4072-95AD-407813C26B4D}.Debug|Any CPU.ActiveCfg = Debug|Any CPU
		{683E944B-9DE8-4072-95AD-407813C26B4D}.Debug|Any CPU.Build.0 = Debug|Any CPU
		{683E944B-9DE8-4072-95AD-407813C26B4D}.Release|Any CPU.ActiveCfg = Release|Any CPU
		{683E944B-9DE8-4072-95AD-407813C26B4D}.Release|Any CPU.Build.0 = Release|Any CPU
		{49C7AB59-8472-4C3A-B02C-5EF241E4513B}.Debug|Any CPU.ActiveCfg = Debug|Any CPU
		{49C7AB59-8472-4C3A-B02C-5EF241E4513B}.Debug|Any CPU.Build.0 = Debug|Any CPU
		{49C7AB59-8472-4C3A-B02C-5EF241E4513B}.Release|Any CPU.ActiveCfg = Release|Any CPU
		{49C7AB59-8472-4C3A-B02C-5EF241E4513B}.Release|Any CPU.Build.0 = Release|Any CPU
		{61B56160-9831-49BA-BA94-59DAF6B9ACEE}.Debug|Any CPU.ActiveCfg = Debug|Any CPU
		{61B56160-9831-49BA-BA94-59DAF6B9ACEE}.Debug|Any CPU.Build.0 = Debug|Any CPU
		{61B56160-9831-49BA-BA94-59DAF6B9ACEE}.Release|Any CPU.ActiveCfg = Release|Any CPU
		{61B56160-9831-49BA-BA94-59DAF6B9ACEE}.Release|Any CPU.Build.0 = Release|Any CPU
		{F1978B75-CD60-4323-B0DE-88C69ED6F730}.Debug|Any CPU.ActiveCfg = Debug|Any CPU
		{F1978B75-CD60-4323-B0DE-88C69ED6F730}.Debug|Any CPU.Build.0 = Debug|Any CPU
		{F1978B75-CD60-4323-B0DE-88C69ED6F730}.Release|Any CPU.ActiveCfg = Release|Any CPU
		{F1978B75-CD60-4323-B0DE-88C69ED6F730}.Release|Any CPU.Build.0 = Release|Any CPU
		{632531FC-11D7-4122-8239-1A40DB2FB21C}.Debug|Any CPU.ActiveCfg = Debug|Any CPU
		{632531FC-11D7-4122-8239-1A40DB2FB21C}.Debug|Any CPU.Build.0 = Debug|Any CPU
		{632531FC-11D7-4122-8239-1A40DB2FB21C}.Release|Any CPU.ActiveCfg = Release|Any CPU
		{632531FC-11D7-4122-8239-1A40DB2FB21C}.Release|Any CPU.Build.0 = Release|Any CPU
		{5D63E340-D842-411E-B2F9-D445A78874AD}.Debug|Any CPU.ActiveCfg = Debug|Any CPU
		{5D63E340-D842-411E-B2F9-D445A78874AD}.Debug|Any CPU.Build.0 = Debug|Any CPU
		{5D63E340-D842-411E-B2F9-D445A78874AD}.Release|Any CPU.ActiveCfg = Release|Any CPU
		{5D63E340-D842-411E-B2F9-D445A78874AD}.Release|Any CPU.Build.0 = Release|Any CPU
		{48E71FFF-81B6-4973-A617-100D058412A0}.Debug|Any CPU.ActiveCfg = Debug|Any CPU
		{48E71FFF-81B6-4973-A617-100D058412A0}.Debug|Any CPU.Build.0 = Debug|Any CPU
		{48E71FFF-81B6-4973-A617-100D058412A0}.Release|Any CPU.ActiveCfg = Release|Any CPU
		{48E71FFF-81B6-4973-A617-100D058412A0}.Release|Any CPU.Build.0 = Release|Any CPU
		{25FE8C2A-0CE6-4E3D-BF11-80017BB78887}.Debug|Any CPU.ActiveCfg = Debug|Any CPU
		{25FE8C2A-0CE6-4E3D-BF11-80017BB78887}.Debug|Any CPU.Build.0 = Debug|Any CPU
		{25FE8C2A-0CE6-4E3D-BF11-80017BB78887}.Release|Any CPU.ActiveCfg = Release|Any CPU
		{25FE8C2A-0CE6-4E3D-BF11-80017BB78887}.Release|Any CPU.Build.0 = Release|Any CPU
		{C1E4B219-12B6-4595-9804-34527EF85DEC}.Debug|Any CPU.ActiveCfg = Debug|Any CPU
		{C1E4B219-12B6-4595-9804-34527EF85DEC}.Debug|Any CPU.Build.0 = Debug|Any CPU
		{C1E4B219-12B6-4595-9804-34527EF85DEC}.Release|Any CPU.ActiveCfg = Release|Any CPU
		{C1E4B219-12B6-4595-9804-34527EF85DEC}.Release|Any CPU.Build.0 = Release|Any CPU
		{51B255A0-697D-4A58-BCC1-61521EAE01FB}.Debug|Any CPU.ActiveCfg = Debug|Any CPU
		{51B255A0-697D-4A58-BCC1-61521EAE01FB}.Debug|Any CPU.Build.0 = Debug|Any CPU
		{51B255A0-697D-4A58-BCC1-61521EAE01FB}.Release|Any CPU.ActiveCfg = Release|Any CPU
		{51B255A0-697D-4A58-BCC1-61521EAE01FB}.Release|Any CPU.Build.0 = Release|Any CPU
		{A551D492-B000-4A66-B998-01363721A742}.Debug|Any CPU.ActiveCfg = Debug|Any CPU
		{A551D492-B000-4A66-B998-01363721A742}.Debug|Any CPU.Build.0 = Debug|Any CPU
		{A551D492-B000-4A66-B998-01363721A742}.Release|Any CPU.ActiveCfg = Release|Any CPU
		{A551D492-B000-4A66-B998-01363721A742}.Release|Any CPU.Build.0 = Release|Any CPU
		{F2633C2A-4402-471C-BEA7-AA05A1D654A8}.Debug|Any CPU.ActiveCfg = Debug|Any CPU
		{F2633C2A-4402-471C-BEA7-AA05A1D654A8}.Debug|Any CPU.Build.0 = Debug|Any CPU
		{F2633C2A-4402-471C-BEA7-AA05A1D654A8}.Release|Any CPU.ActiveCfg = Release|Any CPU
		{F2633C2A-4402-471C-BEA7-AA05A1D654A8}.Release|Any CPU.Build.0 = Release|Any CPU
		{934F799E-DD0B-4B0C-BE98-3ABE10D40FAC}.Debug|Any CPU.ActiveCfg = Debug|Any CPU
		{934F799E-DD0B-4B0C-BE98-3ABE10D40FAC}.Debug|Any CPU.Build.0 = Debug|Any CPU
		{934F799E-DD0B-4B0C-BE98-3ABE10D40FAC}.Release|Any CPU.ActiveCfg = Release|Any CPU
		{934F799E-DD0B-4B0C-BE98-3ABE10D40FAC}.Release|Any CPU.Build.0 = Release|Any CPU
		{9A677DE9-328A-438B-A512-09423CF854DE}.Debug|Any CPU.ActiveCfg = Debug|Any CPU
		{9A677DE9-328A-438B-A512-09423CF854DE}.Debug|Any CPU.Build.0 = Debug|Any CPU
		{9A677DE9-328A-438B-A512-09423CF854DE}.Release|Any CPU.ActiveCfg = Release|Any CPU
		{9A677DE9-328A-438B-A512-09423CF854DE}.Release|Any CPU.Build.0 = Release|Any CPU
		{F2BF2562-B608-4291-B535-2A96624B8258}.Debug|Any CPU.ActiveCfg = Debug|Any CPU
		{F2BF2562-B608-4291-B535-2A96624B8258}.Debug|Any CPU.Build.0 = Debug|Any CPU
		{F2BF2562-B608-4291-B535-2A96624B8258}.Release|Any CPU.ActiveCfg = Release|Any CPU
		{F2BF2562-B608-4291-B535-2A96624B8258}.Release|Any CPU.Build.0 = Release|Any CPU
		{9F69A346-DA9C-45B8-A1B7-0E9CF1C3E666}.Debug|Any CPU.ActiveCfg = Debug|Any CPU
		{9F69A346-DA9C-45B8-A1B7-0E9CF1C3E666}.Debug|Any CPU.Build.0 = Debug|Any CPU
		{9F69A346-DA9C-45B8-A1B7-0E9CF1C3E666}.Release|Any CPU.ActiveCfg = Release|Any CPU
		{9F69A346-DA9C-45B8-A1B7-0E9CF1C3E666}.Release|Any CPU.Build.0 = Release|Any CPU
		{DD81AE3F-BCE3-449D-BAF6-6C96BF5F5E76}.Debug|Any CPU.ActiveCfg = Debug|Any CPU
		{DD81AE3F-BCE3-449D-BAF6-6C96BF5F5E76}.Debug|Any CPU.Build.0 = Debug|Any CPU
		{DD81AE3F-BCE3-449D-BAF6-6C96BF5F5E76}.Release|Any CPU.ActiveCfg = Release|Any CPU
		{DD81AE3F-BCE3-449D-BAF6-6C96BF5F5E76}.Release|Any CPU.Build.0 = Release|Any CPU
		{5E8E0932-E530-47C9-9555-3AEDB5718403}.Debug|Any CPU.ActiveCfg = Debug|Any CPU
		{5E8E0932-E530-47C9-9555-3AEDB5718403}.Debug|Any CPU.Build.0 = Debug|Any CPU
		{5E8E0932-E530-47C9-9555-3AEDB5718403}.Release|Any CPU.ActiveCfg = Release|Any CPU
		{5E8E0932-E530-47C9-9555-3AEDB5718403}.Release|Any CPU.Build.0 = Release|Any CPU
		{A13B0BDD-9A69-4C6C-A9E6-871077B2C026}.Debug|Any CPU.ActiveCfg = Debug|Any CPU
		{A13B0BDD-9A69-4C6C-A9E6-871077B2C026}.Debug|Any CPU.Build.0 = Debug|Any CPU
		{A13B0BDD-9A69-4C6C-A9E6-871077B2C026}.Release|Any CPU.ActiveCfg = Release|Any CPU
		{A13B0BDD-9A69-4C6C-A9E6-871077B2C026}.Release|Any CPU.Build.0 = Release|Any CPU
		{84614802-3502-4E57-A599-DCDCB37D3959}.Debug|Any CPU.ActiveCfg = Debug|Any CPU
		{84614802-3502-4E57-A599-DCDCB37D3959}.Debug|Any CPU.Build.0 = Debug|Any CPU
		{84614802-3502-4E57-A599-DCDCB37D3959}.Release|Any CPU.ActiveCfg = Release|Any CPU
		{84614802-3502-4E57-A599-DCDCB37D3959}.Release|Any CPU.Build.0 = Release|Any CPU
		{EFD305A5-1056-4D8D-A65A-473BADE070D1}.Debug|Any CPU.ActiveCfg = Debug|Any CPU
		{EFD305A5-1056-4D8D-A65A-473BADE070D1}.Debug|Any CPU.Build.0 = Debug|Any CPU
		{EFD305A5-1056-4D8D-A65A-473BADE070D1}.Release|Any CPU.ActiveCfg = Release|Any CPU
		{EFD305A5-1056-4D8D-A65A-473BADE070D1}.Release|Any CPU.Build.0 = Release|Any CPU
		{3D1670B1-5593-4CB9-AE29-C375634EC1D9}.Debug|Any CPU.ActiveCfg = Debug|Any CPU
		{3D1670B1-5593-4CB9-AE29-C375634EC1D9}.Debug|Any CPU.Build.0 = Debug|Any CPU
		{3D1670B1-5593-4CB9-AE29-C375634EC1D9}.Release|Any CPU.ActiveCfg = Release|Any CPU
		{3D1670B1-5593-4CB9-AE29-C375634EC1D9}.Release|Any CPU.Build.0 = Release|Any CPU
		{6868504A-3AE8-4B7D-A1A2-7CB72A809B12}.Debug|Any CPU.ActiveCfg = Debug|Any CPU
		{6868504A-3AE8-4B7D-A1A2-7CB72A809B12}.Debug|Any CPU.Build.0 = Debug|Any CPU
		{6868504A-3AE8-4B7D-A1A2-7CB72A809B12}.Release|Any CPU.ActiveCfg = Release|Any CPU
		{6868504A-3AE8-4B7D-A1A2-7CB72A809B12}.Release|Any CPU.Build.0 = Release|Any CPU
		{133F8D7C-CC90-47F7-AB51-03EA28BBCDE9}.Debug|Any CPU.ActiveCfg = Debug|Any CPU
		{133F8D7C-CC90-47F7-AB51-03EA28BBCDE9}.Debug|Any CPU.Build.0 = Debug|Any CPU
		{133F8D7C-CC90-47F7-AB51-03EA28BBCDE9}.Release|Any CPU.ActiveCfg = Release|Any CPU
		{133F8D7C-CC90-47F7-AB51-03EA28BBCDE9}.Release|Any CPU.Build.0 = Release|Any CPU
	EndGlobalSection
	GlobalSection(SolutionProperties) = preSolution
		HideSolutionNode = FALSE
	EndGlobalSection
	GlobalSection(ExtensibilityGlobals) = postSolution
		SolutionGuid = {02F7EEC2-5B41-4412-BD59-9B416AE2453E}
	EndGlobalSection
EndGlobal
