
Microsoft Visual Studio Solution File, Format Version 12.00
# Visual Studio 15
VisualStudioVersion = 15.0.28307.136
MinimumVisualStudioVersion = 10.0.40219.1
Project("{FAE04EC0-301F-11D3-BF4B-00C04F79EFBC}") = "day01-1", "day01-1\day01-1.csproj", "{6B60F983-4ED6-4BB1-97A8-F9743566B0A7}"
EndProject
Project("{FAE04EC0-301F-11D3-BF4B-00C04F79EFBC}") = "day01-2", "day01-2\day01-2.csproj", "{D40C1A98-5B1E-4E57-A65C-C39A3A59B272}"
EndProject
Project("{FAE04EC0-301F-11D3-BF4B-00C04F79EFBC}") = "day02-1", "day02-1\day02-1.csproj", "{72F224E3-6802-411C-A7DA-6460C92D8E8F}"
EndProject
Project("{FAE04EC0-301F-11D3-BF4B-00C04F79EFBC}") = "day02-2", "day02-2\day02-2.csproj", "{93E357E6-FAA8-4113-8F5B-F0C784F2BA29}"
EndProject
Project("{FAE04EC0-301F-11D3-BF4B-00C04F79EFBC}") = "day03-1", "day03-1\day03-1.csproj", "{AF4BA9FB-2B05-4067-985F-64E5E5A94D48}"
EndProject
Project("{FAE04EC0-301F-11D3-BF4B-00C04F79EFBC}") = "day03-2", "day03-2\day03-2.csproj", "{E496581D-27CB-4BBD-8B20-607842B7BBFB}"
EndProject
Project("{FAE04EC0-301F-11D3-BF4B-00C04F79EFBC}") = "day04-1", "day04-1\day04-1.csproj", "{FFF191DF-6744-47AE-B0E0-4AAB8D52BE08}"
EndProject
Project("{FAE04EC0-301F-11D3-BF4B-00C04F79EFBC}") = "day04-2", "day04-2\day04-2.csproj", "{4BE7A868-B263-4FC9-A7DC-8B84A069F44C}"
EndProject
Project("{FAE04EC0-301F-11D3-BF4B-00C04F79EFBC}") = "day05-1", "day05-1\day05-1.csproj", "{082E0A72-7762-424F-B820-7A4DEA5BDE6D}"
EndProject
Project("{FAE04EC0-301F-11D3-BF4B-00C04F79EFBC}") = "day05-2", "day05-2\day05-2.csproj", "{683E944B-9DE8-4072-95AD-407813C26B4D}"
EndProject
Project("{FAE04EC0-301F-11D3-BF4B-00C04F79EFBC}") = "day06-1", "day06-1\day06-1.csproj", "{49C7AB59-8472-4C3A-B02C-5EF241E4513B}"
EndProject
Project("{FAE04EC0-301F-11D3-BF4B-00C04F79EFBC}") = "day06-2", "day06-2\day06-2.csproj", "{61B56160-9831-49BA-BA94-59DAF6B9ACEE}"
EndProject
Project("{FAE04EC0-301F-11D3-BF4B-00C04F79EFBC}") = "day07-1", "day07-1\day07-1.csproj", "{F1978B75-CD60-4323-B0DE-88C69ED6F730}"
EndProject
Project("{FAE04EC0-301F-11D3-BF4B-00C04F79EFBC}") = "day07-2", "day07-2\day07-2.csproj", "{632531FC-11D7-4122-8239-1A40DB2FB21C}"
EndProject
Global
	GlobalSection(SolutionConfigurationPlatforms) = preSolution
		Debug|Any CPU = Debug|Any CPU
		Release|Any CPU = Release|Any CPU
	EndGlobalSection
	GlobalSection(ProjectConfigurationPlatforms) = postSolution
		{6B60F983-4ED6-4BB1-97A8-F9743566B0A7}.Debug|Any CPU.ActiveCfg = Debug|Any CPU
		{6B60F983-4ED6-4BB1-97A8-F9743566B0A7}.Debug|Any CPU.Build.0 = Debug|Any CPU
		{6B60F983-4ED6-4BB1-97A8-F9743566B0A7}.Release|Any CPU.ActiveCfg = Release|Any CPU
		{6B60F983-4ED6-4BB1-97A8-F9743566B0A7}.Release|Any CPU.Build.0 = Release|Any CPU
		{D40C1A98-5B1E-4E57-A65C-C39A3A59B272}.Debug|Any CPU.ActiveCfg = Debug|Any CPU
		{D40C1A98-5B1E-4E57-A65C-C39A3A59B272}.Debug|Any CPU.Build.0 = Debug|Any CPU
		{D40C1A98-5B1E-4E57-A65C-C39A3A59B272}.Release|Any CPU.ActiveCfg = Release|Any CPU
		{D40C1A98-5B1E-4E57-A65C-C39A3A59B272}.Release|Any CPU.Build.0 = Release|Any CPU
		{72F224E3-6802-411C-A7DA-6460C92D8E8F}.Debug|Any CPU.ActiveCfg = Debug|Any CPU
		{72F224E3-6802-411C-A7DA-6460C92D8E8F}.Debug|Any CPU.Build.0 = Debug|Any CPU
		{72F224E3-6802-411C-A7DA-6460C92D8E8F}.Release|Any CPU.ActiveCfg = Release|Any CPU
		{72F224E3-6802-411C-A7DA-6460C92D8E8F}.Release|Any CPU.Build.0 = Release|Any CPU
		{93E357E6-FAA8-4113-8F5B-F0C784F2BA29}.Debug|Any CPU.ActiveCfg = Debug|Any CPU
		{93E357E6-FAA8-4113-8F5B-F0C784F2BA29}.Debug|Any CPU.Build.0 = Debug|Any CPU
		{93E357E6-FAA8-4113-8F5B-F0C784F2BA29}.Release|Any CPU.ActiveCfg = Release|Any CPU
		{93E357E6-FAA8-4113-8F5B-F0C784F2BA29}.Release|Any CPU.Build.0 = Release|Any CPU
		{AF4BA9FB-2B05-4067-985F-64E5E5A94D48}.Debug|Any CPU.ActiveCfg = Debug|Any CPU
		{AF4BA9FB-2B05-4067-985F-64E5E5A94D48}.Debug|Any CPU.Build.0 = Debug|Any CPU
		{AF4BA9FB-2B05-4067-985F-64E5E5A94D48}.Release|Any CPU.ActiveCfg = Release|Any CPU
		{AF4BA9FB-2B05-4067-985F-64E5E5A94D48}.Release|Any CPU.Build.0 = Release|Any CPU
		{E496581D-27CB-4BBD-8B20-607842B7BBFB}.Debug|Any CPU.ActiveCfg = Debug|Any CPU
		{E496581D-27CB-4BBD-8B20-607842B7BBFB}.Debug|Any CPU.Build.0 = Debug|Any CPU
		{E496581D-27CB-4BBD-8B20-607842B7BBFB}.Release|Any CPU.ActiveCfg = Release|Any CPU
		{E496581D-27CB-4BBD-8B20-607842B7BBFB}.Release|Any CPU.Build.0 = Release|Any CPU
		{FFF191DF-6744-47AE-B0E0-4AAB8D52BE08}.Debug|Any CPU.ActiveCfg = Debug|Any CPU
		{FFF191DF-6744-47AE-B0E0-4AAB8D52BE08}.Debug|Any CPU.Build.0 = Debug|Any CPU
		{FFF191DF-6744-47AE-B0E0-4AAB8D52BE08}.Release|Any CPU.ActiveCfg = Release|Any CPU
		{FFF191DF-6744-47AE-B0E0-4AAB8D52BE08}.Release|Any CPU.Build.0 = Release|Any CPU
		{4BE7A868-B263-4FC9-A7DC-8B84A069F44C}.Debug|Any CPU.ActiveCfg = Debug|Any CPU
		{4BE7A868-B263-4FC9-A7DC-8B84A069F44C}.Debug|Any CPU.Build.0 = Debug|Any CPU
		{4BE7A868-B263-4FC9-A7DC-8B84A069F44C}.Release|Any CPU.ActiveCfg = Release|Any CPU
		{4BE7A868-B263-4FC9-A7DC-8B84A069F44C}.Release|Any CPU.Build.0 = Release|Any CPU
		{082E0A72-7762-424F-B820-7A4DEA5BDE6D}.Debug|Any CPU.ActiveCfg = Debug|Any CPU
		{082E0A72-7762-424F-B820-7A4DEA5BDE6D}.Debug|Any CPU.Build.0 = Debug|Any CPU
		{082E0A72-7762-424F-B820-7A4DEA5BDE6D}.Release|Any CPU.ActiveCfg = Release|Any CPU
		{082E0A72-7762-424F-B820-7A4DEA5BDE6D}.Release|Any CPU.Build.0 = Release|Any CPU
		{683E944B-9DE8-4072-95AD-407813C26B4D}.Debug|Any CPU.ActiveCfg = Debug|Any CPU
		{683E944B-9DE8-4072-95AD-407813C26B4D}.Debug|Any CPU.Build.0 = Debug|Any CPU
		{683E944B-9DE8-4072-95AD-407813C26B4D}.Release|Any CPU.ActiveCfg = Release|Any CPU
		{683E944B-9DE8-4072-95AD-407813C26B4D}.Release|Any CPU.Build.0 = Release|Any CPU
		{49C7AB59-8472-4C3A-B02C-5EF241E4513B}.Debug|Any CPU.ActiveCfg = Debug|Any CPU
		{49C7AB59-8472-4C3A-B02C-5EF241E4513B}.Debug|Any CPU.Build.0 = Debug|Any CPU
		{49C7AB59-8472-4C3A-B02C-5EF241E4513B}.Release|Any CPU.ActiveCfg = Release|Any CPU
		{49C7AB59-8472-4C3A-B02C-5EF241E4513B}.Release|Any CPU.Build.0 = Release|Any CPU
		{61B56160-9831-49BA-BA94-59DAF6B9ACEE}.Debug|Any CPU.ActiveCfg = Debug|Any CPU
		{61B56160-9831-49BA-BA94-59DAF6B9ACEE}.Debug|Any CPU.Build.0 = Debug|Any CPU
		{61B56160-9831-49BA-BA94-59DAF6B9ACEE}.Release|Any CPU.ActiveCfg = Release|Any CPU
		{61B56160-9831-49BA-BA94-59DAF6B9ACEE}.Release|Any CPU.Build.0 = Release|Any CPU
		{F1978B75-CD60-4323-B0DE-88C69ED6F730}.Debug|Any CPU.ActiveCfg = Debug|Any CPU
		{F1978B75-CD60-4323-B0DE-88C69ED6F730}.Debug|Any CPU.Build.0 = Debug|Any CPU
		{F1978B75-CD60-4323-B0DE-88C69ED6F730}.Release|Any CPU.ActiveCfg = Release|Any CPU
		{F1978B75-CD60-4323-B0DE-88C69ED6F730}.Release|Any CPU.Build.0 = Release|Any CPU
		{632531FC-11D7-4122-8239-1A40DB2FB21C}.Debug|Any CPU.ActiveCfg = Debug|Any CPU
		{632531FC-11D7-4122-8239-1A40DB2FB21C}.Debug|Any CPU.Build.0 = Debug|Any CPU
		{632531FC-11D7-4122-8239-1A40DB2FB21C}.Release|Any CPU.ActiveCfg = Release|Any CPU
		{632531FC-11D7-4122-8239-1A40DB2FB21C}.Release|Any CPU.Build.0 = Release|Any CPU
	EndGlobalSection
	GlobalSection(SolutionProperties) = preSolution
		HideSolutionNode = FALSE
	EndGlobalSection
	GlobalSection(ExtensibilityGlobals) = postSolution
		SolutionGuid = {02F7EEC2-5B41-4412-BD59-9B416AE2453E}
	EndGlobalSection
EndGlobal
